
Microsoft Visual Studio Solution File, Format Version 12.00
# Visual Studio Version 17
VisualStudioVersion = 17.5.33627.172
MinimumVisualStudioVersion = 10.0.40219.1
Project("{9A19103F-16F7-4668-BE54-9A1E7A4F7556}") = "HexaEngine.ImGui", "HexaEngine.ImGui\HexaEngine.ImGui.csproj", "{C94EAC04-A597-4D33-B7AB-0D319C5DEBDD}"
EndProject
Project("{9A19103F-16F7-4668-BE54-9A1E7A4F7556}") = "Generator", "Generator\Generator.csproj", "{AF90A242-F593-40D0-9305-65D475EDE3C0}"
EndProject
Project("{FAE04EC0-301F-11D3-BF4B-00C04F79EFBC}") = "Example", "Example\Example.csproj", "{B67D77D6-2C7D-4D44-850F-A7555534F0E8}"
EndProject
Global
	GlobalSection(SolutionConfigurationPlatforms) = preSolution
		Debug|Any CPU = Debug|Any CPU
		Release|Any CPU = Release|Any CPU
	EndGlobalSection
	GlobalSection(ProjectConfigurationPlatforms) = postSolution
		{C94EAC04-A597-4D33-B7AB-0D319C5DEBDD}.Debug|Any CPU.ActiveCfg = Debug|Any CPU
		{C94EAC04-A597-4D33-B7AB-0D319C5DEBDD}.Debug|Any CPU.Build.0 = Debug|Any CPU
		{C94EAC04-A597-4D33-B7AB-0D319C5DEBDD}.Release|Any CPU.ActiveCfg = Release|Any CPU
		{C94EAC04-A597-4D33-B7AB-0D319C5DEBDD}.Release|Any CPU.Build.0 = Release|Any CPU
		{AF90A242-F593-40D0-9305-65D475EDE3C0}.Debug|Any CPU.ActiveCfg = Debug|Any CPU
		{AF90A242-F593-40D0-9305-65D475EDE3C0}.Debug|Any CPU.Build.0 = Debug|Any CPU
		{AF90A242-F593-40D0-9305-65D475EDE3C0}.Release|Any CPU.ActiveCfg = Release|Any CPU
		{AF90A242-F593-40D0-9305-65D475EDE3C0}.Release|Any CPU.Build.0 = Release|Any CPU
		{B67D77D6-2C7D-4D44-850F-A7555534F0E8}.Debug|Any CPU.ActiveCfg = Debug|Any CPU
		{B67D77D6-2C7D-4D44-850F-A7555534F0E8}.Debug|Any CPU.Build.0 = Debug|Any CPU
		{B67D77D6-2C7D-4D44-850F-A7555534F0E8}.Release|Any CPU.ActiveCfg = Release|Any CPU
		{B67D77D6-2C7D-4D44-850F-A7555534F0E8}.Release|Any CPU.Build.0 = Release|Any CPU
	EndGlobalSection
	GlobalSection(SolutionProperties) = preSolution
		HideSolutionNode = FALSE
	EndGlobalSection
	GlobalSection(ExtensibilityGlobals) = postSolution
		SolutionGuid = {3BEE52D5-27E1-4BF1-ABD6-3F4E4A3F741A}
	EndGlobalSection
EndGlobal
